
Microsoft Visual Studio Solution File, Format Version 12.00
# Visual Studio Version 17
VisualStudioVersion = 17.5.33502.453
MinimumVisualStudioVersion = 10.0.40219.1
Project("{FAE04EC0-301F-11D3-BF4B-00C04F79EFBC}") = "Pract21", "Pract21\Pract21.csproj", "{5CB23B82-E72D-4D6F-964D-0CE0DDE1B330}"
EndProject
Global
	GlobalSection(SolutionConfigurationPlatforms) = preSolution
		Debug|Any CPU = Debug|Any CPU
		Release|Any CPU = Release|Any CPU
	EndGlobalSection
	GlobalSection(ProjectConfigurationPlatforms) = postSolution
		{5CB23B82-E72D-4D6F-964D-0CE0DDE1B330}.Debug|Any CPU.ActiveCfg = Debug|Any CPU
		{5CB23B82-E72D-4D6F-964D-0CE0DDE1B330}.Debug|Any CPU.Build.0 = Debug|Any CPU
		{5CB23B82-E72D-4D6F-964D-0CE0DDE1B330}.Release|Any CPU.ActiveCfg = Release|Any CPU
		{5CB23B82-E72D-4D6F-964D-0CE0DDE1B330}.Release|Any CPU.Build.0 = Release|Any CPU
	EndGlobalSection
	GlobalSection(SolutionProperties) = preSolution
		HideSolutionNode = FALSE
	EndGlobalSection
	GlobalSection(ExtensibilityGlobals) = postSolution
		SolutionGuid = {AA8A6793-4C2F-4E0C-87D1-4CBFF6461D29}
	EndGlobalSection
EndGlobal
